// !$*UTF8*$!
{
	archiveVersion = 1;
	classes = {
	};
	objectVersion = 46;
	objects = {

/* Begin PBXAggregateTarget section */
		17DAFD11247F43D3BDFAC7DF /* ZERO_CHECK */ = {
			isa = PBXAggregateTarget;
			buildConfigurationList = B9B8A15FBF5D41BDBE668EEF /* Build configuration list for PBXAggregateTarget "ZERO_CHECK" */;
			buildPhases = (
				0E7577D9BBB04EEE99B89151 /* CMake Rules */,
			);
			dependencies = (
			);
			name = ZERO_CHECK;
			productName = ZERO_CHECK;
		};
		4E53A92AD96C4942A3A922CA /* ALL_BUILD */ = {
			isa = PBXAggregateTarget;
			buildConfigurationList = 449D994917EC4174B5FCB4F9 /* Build configuration list for PBXAggregateTarget "ALL_BUILD" */;
			buildPhases = (
				6568C504ACCF4952A33B7510 /* CMake Rules */,
			);
			dependencies = (
				2F45658F28964EEEAC44C5D3 /* PBXTargetDependency */,
				C7605F151E90410CA6C4619B /* PBXTargetDependency */,
			);
			name = ALL_BUILD;
			productName = ALL_BUILD;
		};
/* End PBXAggregateTarget section */

/* Begin PBXBuildFile section */
		0C8C9AE1B23A43FAA084D663 /* /Volumes/Crate/taco-monitor/src/OBDIIController.cc */ = {isa = PBXBuildFile; fileRef = 1AB0A47226394C1FB1DBE29E /* /Volumes/Crate/taco-monitor/src/OBDIIController.cc */; };
		148EE89F02154DFC8E235DA4 /* /Volumes/Crate/taco-monitor/include/SensorHub.h */ = {isa = PBXBuildFile; fileRef = 8EF1F080D88F4E8589999B01 /* /Volumes/Crate/taco-monitor/include/SensorHub.h */; };
		152000B3DD344391B7AC993B /* /Volumes/Crate/taco-monitor/CMakeLists.txt */ = {isa = PBXBuildFile; fileRef = 2FB2B390CBB54BC7AC7D6DF4 /* /Volumes/Crate/taco-monitor/CMakeLists.txt */; };
		180FC87E6057417893D7035B /* /Volumes/Crate/taco-monitor/include/Beeper.h */ = {isa = PBXBuildFile; fileRef = ED2606A9CFF8450D91215832 /* /Volumes/Crate/taco-monitor/include/Beeper.h */; };
		194EDE2FE23644DC9C32AEB0 /* /Volumes/Crate/taco-monitor/include/OBDIIController.h */ = {isa = PBXBuildFile; fileRef = B75E8759F78A4623B1E03209 /* /Volumes/Crate/taco-monitor/include/OBDIIController.h */; };
		201E5A92D3174CA0883603E1 /* /Volumes/Crate/taco-monitor/src/InputManager.cc */ = {isa = PBXBuildFile; fileRef = B5837E2E54664216B64576C9 /* /Volumes/Crate/taco-monitor/src/InputManager.cc */; };
		24E4A09E618E47F5B2B5DEDC /* /Volumes/Crate/taco-monitor/src/SensorHub.cc */ = {isa = PBXBuildFile; fileRef = 24B1C1CC766347E0B7FD4B99 /* /Volumes/Crate/taco-monitor/src/SensorHub.cc */; };
		49CF9874F4504895B29170C0 /* /Volumes/Crate/taco-monitor/include/TacoMonitor.h */ = {isa = PBXBuildFile; fileRef = 3F92D78B345B4E05A9DAF608 /* /Volumes/Crate/taco-monitor/include/TacoMonitor.h */; };
		4A063CEC3CAB463EB2C92A2E /* /Volumes/Crate/taco-monitor/src/Beeper.cc */ = {isa = PBXBuildFile; fileRef = 7AB05699A26C4EBCB7741367 /* /Volumes/Crate/taco-monitor/src/Beeper.cc */; };
		61E0D4D6526E49F18D5C82B3 /* /Volumes/Crate/taco-monitor/src/DisplayController.cc */ = {isa = PBXBuildFile; fileRef = AC13589D09114F6280DA3205 /* /Volumes/Crate/taco-monitor/src/DisplayController.cc */; };
		68F2F0144C0F4599951B921F /* /Volumes/Crate/taco-monitor/src/TacoMonitor.cc */ = {isa = PBXBuildFile; fileRef = DF2FE2D7D4B846298A716EFE /* /Volumes/Crate/taco-monitor/src/TacoMonitor.cc */; };
		791A08AF090C4ADD95E32145 /* /Volumes/Crate/taco-monitor/include/InputManager.h */ = {isa = PBXBuildFile; fileRef = B35FD6D7BFA34EF3B95DCC19 /* /Volumes/Crate/taco-monitor/include/InputManager.h */; };
		866DA020C31F42B7BF640A26 /* /Volumes/Crate/taco-monitor/src/main.cc */ = {isa = PBXBuildFile; fileRef = 505604F93D54476A91D23005 /* /Volumes/Crate/taco-monitor/src/main.cc */; };
		B867C1D891C3427AA01E1524 /* /Volumes/Crate/taco-monitor/include/DisplayController.h */ = {isa = PBXBuildFile; fileRef = 41AC4661A4084E489E9D60D7 /* /Volumes/Crate/taco-monitor/include/DisplayController.h */; };
/* End PBXBuildFile section */

/* Begin PBXBuildStyle section */
		3C91283326254266A7243A7D /* RelWithDebInfo */ = {
			isa = PBXBuildStyle;
			buildSettings = {
				COPY_PHASE_STRIP = NO;
			};
			name = RelWithDebInfo;
		};
		C62D77E996544E96B2041F24 /* Debug */ = {
			isa = PBXBuildStyle;
			buildSettings = {
				COPY_PHASE_STRIP = NO;
			};
			name = Debug;
		};
		F6843A7257E6407BAD72BDE5 /* Release */ = {
			isa = PBXBuildStyle;
			buildSettings = {
				COPY_PHASE_STRIP = NO;
			};
			name = Release;
		};
		FF8DC5124A2D471DADC2662F /* MinSizeRel */ = {
			isa = PBXBuildStyle;
			buildSettings = {
				COPY_PHASE_STRIP = NO;
			};
			name = MinSizeRel;
		};
/* End PBXBuildStyle section */

/* Begin PBXContainerItemProxy section */
		4D6868D4A60C427AB89CFBC3 /* PBXContainerItemProxy */ = {
			isa = PBXContainerItemProxy;
			containerPortal = C066F20FD1C846CCBFDC091C /* Project object */;
			proxyType = 1;
			remoteGlobalIDString = 17DAFD11247F43D3BDFAC7DF;
			remoteInfo = ZERO_CHECK;
		};
		80084824DC934C6E96CC76CF /* PBXContainerItemProxy */ = {
			isa = PBXContainerItemProxy;
			containerPortal = C066F20FD1C846CCBFDC091C /* Project object */;
			proxyType = 1;
			remoteGlobalIDString = C8F1024CB6B34DD7932A40E1;
			remoteInfo = taco_mon;
		};
		B6D35BBD3FB24AB49F127D79 /* PBXContainerItemProxy */ = {
			isa = PBXContainerItemProxy;
			containerPortal = C066F20FD1C846CCBFDC091C /* Project object */;
			proxyType = 1;
			remoteGlobalIDString = 17DAFD11247F43D3BDFAC7DF;
			remoteInfo = ZERO_CHECK;
		};
/* End PBXContainerItemProxy section */

/* Begin PBXFileReference section */
		07CF51C61F604DE9A0141A8C /* /Volumes/Crate/taco-monitor/CMakeLists.txt */ = {isa = PBXFileReference; explicitFileType = sourcecode.text; fileEncoding = 4; name = CMakeLists.txt; path = CMakeLists.txt; sourceTree = SOURCE_ROOT; };
		1AB0A47226394C1FB1DBE29E /* /Volumes/Crate/taco-monitor/src/OBDIIController.cc */ = {isa = PBXFileReference; explicitFileType = sourcecode.cpp.cpp; fileEncoding = 4; name = OBDIIController.cc; path = src/OBDIIController.cc; sourceTree = SOURCE_ROOT; };
		24B1C1CC766347E0B7FD4B99 /* /Volumes/Crate/taco-monitor/src/SensorHub.cc */ = {isa = PBXFileReference; explicitFileType = sourcecode.cpp.cpp; fileEncoding = 4; name = SensorHub.cc; path = src/SensorHub.cc; sourceTree = SOURCE_ROOT; };
		2FB2B390CBB54BC7AC7D6DF4 /* /Volumes/Crate/taco-monitor/CMakeLists.txt */ = {isa = PBXFileReference; explicitFileType = sourcecode.text; fileEncoding = 4; name = CMakeLists.txt; path = CMakeLists.txt; sourceTree = SOURCE_ROOT; };
		336E76B95B444F899502F6AE /* /Volumes/Crate/taco-monitor/CMakeLists.txt */ = {isa = PBXFileReference; explicitFileType = sourcecode.text; fileEncoding = 4; name = CMakeLists.txt; path = CMakeLists.txt; sourceTree = SOURCE_ROOT; };
		3F92D78B345B4E05A9DAF608 /* /Volumes/Crate/taco-monitor/include/TacoMonitor.h */ = {isa = PBXFileReference; explicitFileType = sourcecode.c.h; fileEncoding = 4; name = TacoMonitor.h; path = include/TacoMonitor.h; sourceTree = SOURCE_ROOT; };
		41AC4661A4084E489E9D60D7 /* /Volumes/Crate/taco-monitor/include/DisplayController.h */ = {isa = PBXFileReference; explicitFileType = sourcecode.c.h; fileEncoding = 4; name = DisplayController.h; path = include/DisplayController.h; sourceTree = SOURCE_ROOT; };
		505604F93D54476A91D23005 /* /Volumes/Crate/taco-monitor/src/main.cc */ = {isa = PBXFileReference; explicitFileType = sourcecode.cpp.cpp; fileEncoding = 4; name = main.cc; path = src/main.cc; sourceTree = SOURCE_ROOT; };
		7AB05699A26C4EBCB7741367 /* /Volumes/Crate/taco-monitor/src/Beeper.cc */ = {isa = PBXFileReference; explicitFileType = sourcecode.cpp.cpp; fileEncoding = 4; name = Beeper.cc; path = src/Beeper.cc; sourceTree = SOURCE_ROOT; };
		8EF1F080D88F4E8589999B01 /* /Volumes/Crate/taco-monitor/include/SensorHub.h */ = {isa = PBXFileReference; explicitFileType = sourcecode.c.h; fileEncoding = 4; name = SensorHub.h; path = include/SensorHub.h; sourceTree = SOURCE_ROOT; };
		AC13589D09114F6280DA3205 /* /Volumes/Crate/taco-monitor/src/DisplayController.cc */ = {isa = PBXFileReference; explicitFileType = sourcecode.cpp.cpp; fileEncoding = 4; name = DisplayController.cc; path = src/DisplayController.cc; sourceTree = SOURCE_ROOT; };
		B35FD6D7BFA34EF3B95DCC19 /* /Volumes/Crate/taco-monitor/include/InputManager.h */ = {isa = PBXFileReference; explicitFileType = sourcecode.c.h; fileEncoding = 4; name = InputManager.h; path = include/InputManager.h; sourceTree = SOURCE_ROOT; };
		B5837E2E54664216B64576C9 /* /Volumes/Crate/taco-monitor/src/InputManager.cc */ = {isa = PBXFileReference; explicitFileType = sourcecode.cpp.cpp; fileEncoding = 4; name = InputManager.cc; path = src/InputManager.cc; sourceTree = SOURCE_ROOT; };
		B75E8759F78A4623B1E03209 /* /Volumes/Crate/taco-monitor/include/OBDIIController.h */ = {isa = PBXFileReference; explicitFileType = sourcecode.c.h; fileEncoding = 4; name = OBDIIController.h; path = include/OBDIIController.h; sourceTree = SOURCE_ROOT; };
		DF2FE2D7D4B846298A716EFE /* /Volumes/Crate/taco-monitor/src/TacoMonitor.cc */ = {isa = PBXFileReference; explicitFileType = sourcecode.cpp.cpp; fileEncoding = 4; name = TacoMonitor.cc; path = src/TacoMonitor.cc; sourceTree = SOURCE_ROOT; };
		E77F9C5F40F7485E8DA5EDE4 /* taco_mon */ = {isa = PBXFileReference; explicitFileType = "compiled.mach-o.executable"; path = taco_mon; sourceTree = BUILT_PRODUCTS_DIR; };
		ED2606A9CFF8450D91215832 /* /Volumes/Crate/taco-monitor/include/Beeper.h */ = {isa = PBXFileReference; explicitFileType = sourcecode.c.h; fileEncoding = 4; name = Beeper.h; path = include/Beeper.h; sourceTree = SOURCE_ROOT; };
/* End PBXFileReference section */

/* Begin PBXGroup section */
		03B7F24433EC45D7A34CE9D2 /* Header Files */ = {
			isa = PBXGroup;
			children = (
				ED2606A9CFF8450D91215832 /* /Volumes/Crate/taco-monitor/include/Beeper.h */,
				41AC4661A4084E489E9D60D7 /* /Volumes/Crate/taco-monitor/include/DisplayController.h */,
				B35FD6D7BFA34EF3B95DCC19 /* /Volumes/Crate/taco-monitor/include/InputManager.h */,
				B75E8759F78A4623B1E03209 /* /Volumes/Crate/taco-monitor/include/OBDIIController.h */,
				8EF1F080D88F4E8589999B01 /* /Volumes/Crate/taco-monitor/include/SensorHub.h */,
				3F92D78B345B4E05A9DAF608 /* /Volumes/Crate/taco-monitor/include/TacoMonitor.h */,
			);
			name = "Header Files";
			sourceTree = "<group>";
		};
		1B69A60DF6704934997B6934 /* ALL_BUILD */ = {
			isa = PBXGroup;
			children = (
				A1867990D9AB46EABE908405 /* CMake Rules */,
				07CF51C61F604DE9A0141A8C /* /Volumes/Crate/taco-monitor/CMakeLists.txt */,
			);
			name = ALL_BUILD;
			sourceTree = "<group>";
		};
		5D0A383B91424C9EB9D65131 /* Source Files */ = {
			isa = PBXGroup;
			children = (
				7AB05699A26C4EBCB7741367 /* /Volumes/Crate/taco-monitor/src/Beeper.cc */,
				AC13589D09114F6280DA3205 /* /Volumes/Crate/taco-monitor/src/DisplayController.cc */,
				B5837E2E54664216B64576C9 /* /Volumes/Crate/taco-monitor/src/InputManager.cc */,
				1AB0A47226394C1FB1DBE29E /* /Volumes/Crate/taco-monitor/src/OBDIIController.cc */,
				24B1C1CC766347E0B7FD4B99 /* /Volumes/Crate/taco-monitor/src/SensorHub.cc */,
				DF2FE2D7D4B846298A716EFE /* /Volumes/Crate/taco-monitor/src/TacoMonitor.cc */,
				505604F93D54476A91D23005 /* /Volumes/Crate/taco-monitor/src/main.cc */,
			);
			name = "Source Files";
			sourceTree = "<group>";
		};
		799F8711F4914A6EA5CC6F5C /* taco_mon */ = {
			isa = PBXGroup;
			children = (
				03B7F24433EC45D7A34CE9D2 /* Header Files */,
				5D0A383B91424C9EB9D65131 /* Source Files */,
				2FB2B390CBB54BC7AC7D6DF4 /* /Volumes/Crate/taco-monitor/CMakeLists.txt */,
			);
			name = taco_mon;
			sourceTree = "<group>";
		};
		A1867990D9AB46EABE908405 /* CMake Rules */ = {
			isa = PBXGroup;
			children = (
			);
			name = "CMake Rules";
			sourceTree = "<group>";
		};
		BB1615BDF659422E8BD75734 /* ZERO_CHECK */ = {
			isa = PBXGroup;
			children = (
				D917B162D9F54A01B7248AFC /* CMake Rules */,
				336E76B95B444F899502F6AE /* /Volumes/Crate/taco-monitor/CMakeLists.txt */,
			);
			name = ZERO_CHECK;
			sourceTree = "<group>";
		};
		CCB3C3A69A894270850029B7 /* Products */ = {
			isa = PBXGroup;
			children = (
				E77F9C5F40F7485E8DA5EDE4 /* taco_mon */,
			);
			name = Products;
			sourceTree = "<group>";
		};
		D917B162D9F54A01B7248AFC /* CMake Rules */ = {
			isa = PBXGroup;
			children = (
			);
			name = "CMake Rules";
			sourceTree = "<group>";
		};
		F822822089AD46D294FFA91F = {
			isa = PBXGroup;
			children = (
				799F8711F4914A6EA5CC6F5C /* taco_mon */,
				1B69A60DF6704934997B6934 /* ALL_BUILD */,
				BB1615BDF659422E8BD75734 /* ZERO_CHECK */,
				CCB3C3A69A894270850029B7 /* Products */,
			);
			sourceTree = "<group>";
		};
/* End PBXGroup section */

/* Begin PBXNativeTarget section */
		C8F1024CB6B34DD7932A40E1 /* taco_mon */ = {
			isa = PBXNativeTarget;
			buildConfigurationList = 3A8C353669204A47B07B44F0 /* Build configuration list for PBXNativeTarget "taco_mon" */;
			buildPhases = (
				7AA3B7DB2CF2456B95B0D29D /* Sources */,
			);
			buildRules = (
			);
			dependencies = (
				68EE35B80AFE46A0A2FA4A34 /* PBXTargetDependency */,
			);
			name = taco_mon;
			productName = taco_mon;
			productReference = E77F9C5F40F7485E8DA5EDE4 /* taco_mon */;
			productType = "com.apple.product-type.tool";
		};
/* End PBXNativeTarget section */

/* Begin PBXProject section */
		C066F20FD1C846CCBFDC091C /* Project object */ = {
			isa = PBXProject;
			attributes = {
				BuildIndependentTargetsInParallel = YES;
				LastUpgradeCheck = 0930;
			};
			buildConfigurationList = 4ABFB555251B400FACF96C75 /* Build configuration list for PBXProject "taco-monitor" */;
			buildSettings = {
			};
			buildStyles = (
				C62D77E996544E96B2041F24 /* Debug */,
				F6843A7257E6407BAD72BDE5 /* Release */,
				FF8DC5124A2D471DADC2662F /* MinSizeRel */,
				3C91283326254266A7243A7D /* RelWithDebInfo */,
			);
			compatibilityVersion = "Xcode 3.2";
			hasScannedForEncodings = 0;
			mainGroup = F822822089AD46D294FFA91F;
			projectDirPath = ../;
			projectRoot = "";
			targets = (
				4E53A92AD96C4942A3A922CA /* ALL_BUILD */,
				17DAFD11247F43D3BDFAC7DF /* ZERO_CHECK */,
				C8F1024CB6B34DD7932A40E1 /* taco_mon */,
			);
		};
/* End PBXProject section */

/* Begin PBXShellScriptBuildPhase section */
		0E7577D9BBB04EEE99B89151 /* CMake Rules */ = {
			isa = PBXShellScriptBuildPhase;
			buildActionMask = 2147483647;
			files = (
			);
			name = "CMake Rules";
			runOnlyForDeploymentPostprocessing = 0;
			shellPath = /bin/sh;
			shellScript = "make -C /Volumes/Crate/taco-monitor/build-xcode -f /Volumes/Crate/taco-monitor/build-xcode/CMakeScripts/ZERO_CHECK_cmakeRulesBuildPhase.make$CONFIGURATION all";
			showEnvVarsInLog = 0;
		};
		6568C504ACCF4952A33B7510 /* CMake Rules */ = {
			isa = PBXShellScriptBuildPhase;
			buildActionMask = 2147483647;
			files = (
			);
			name = "CMake Rules";
			runOnlyForDeploymentPostprocessing = 0;
			shellPath = /bin/sh;
			shellScript = "make -C /Volumes/Crate/taco-monitor/build-xcode -f /Volumes/Crate/taco-monitor/build-xcode/CMakeScripts/ALL_BUILD_cmakeRulesBuildPhase.make$CONFIGURATION all";
			showEnvVarsInLog = 0;
		};
		65C3C7E6DC5B48DDA75E2535 = {
			isa = PBXShellScriptBuildPhase;
			buildActionMask = 2147483647;
			files = (
			);
			inputPaths = (
			);
			outputPaths = (
			);
			runOnlyForDeploymentPostprocessing = 0;
			shellPath = /bin/sh;
			shellScript = "# shell script goes here
exit 0";
			showEnvVarsInLog = 0;
		};
		8EA1F8D2E68246BEAEE50351 = {
			isa = PBXShellScriptBuildPhase;
			buildActionMask = 2147483647;
			files = (
			);
			inputPaths = (
			);
			outputPaths = (
			);
			runOnlyForDeploymentPostprocessing = 0;
			shellPath = /bin/sh;
			shellScript = "# shell script goes here
exit 0";
			showEnvVarsInLog = 0;
		};
/* End PBXShellScriptBuildPhase section */

/* Begin PBXSourcesBuildPhase section */
		7AA3B7DB2CF2456B95B0D29D /* Sources */ = {
			isa = PBXSourcesBuildPhase;
			buildActionMask = 2147483647;
			files = (
				4A063CEC3CAB463EB2C92A2E /* /Volumes/Crate/taco-monitor/src/Beeper.cc */,
				61E0D4D6526E49F18D5C82B3 /* /Volumes/Crate/taco-monitor/src/DisplayController.cc */,
				201E5A92D3174CA0883603E1 /* /Volumes/Crate/taco-monitor/src/InputManager.cc */,
				0C8C9AE1B23A43FAA084D663 /* /Volumes/Crate/taco-monitor/src/OBDIIController.cc */,
				24E4A09E618E47F5B2B5DEDC /* /Volumes/Crate/taco-monitor/src/SensorHub.cc */,
				68F2F0144C0F4599951B921F /* /Volumes/Crate/taco-monitor/src/TacoMonitor.cc */,
				866DA020C31F42B7BF640A26 /* /Volumes/Crate/taco-monitor/src/main.cc */,
			);
			runOnlyForDeploymentPostprocessing = 0;
		};
/* End PBXSourcesBuildPhase section */

/* Begin PBXTargetDependency section */
		2F45658F28964EEEAC44C5D3 /* PBXTargetDependency */ = {
			isa = PBXTargetDependency;
			target = 17DAFD11247F43D3BDFAC7DF /* ZERO_CHECK */;
			targetProxy = B6D35BBD3FB24AB49F127D79 /* PBXContainerItemProxy */;
		};
		68EE35B80AFE46A0A2FA4A34 /* PBXTargetDependency */ = {
			isa = PBXTargetDependency;
			target = 17DAFD11247F43D3BDFAC7DF /* ZERO_CHECK */;
			targetProxy = 4D6868D4A60C427AB89CFBC3 /* PBXContainerItemProxy */;
		};
		C7605F151E90410CA6C4619B /* PBXTargetDependency */ = {
			isa = PBXTargetDependency;
			target = C8F1024CB6B34DD7932A40E1 /* taco_mon */;
			targetProxy = 80084824DC934C6E96CC76CF /* PBXContainerItemProxy */;
		};
/* End PBXTargetDependency section */

/* Begin XCBuildConfiguration section */
		0BCB8C35054A4344A98039C9 /* RelWithDebInfo */ = {
			isa = XCBuildConfiguration;
			buildSettings = {
				COMBINE_HIDPI_IMAGES = YES;
				GCC_GENERATE_DEBUGGING_SYMBOLS = YES;
				GCC_INLINES_ARE_PRIVATE_EXTERN = NO;
				GCC_OPTIMIZATION_LEVEL = 0;
				GCC_PREPROCESSOR_DEFINITIONS = ("'CMAKE_INTDIR=\"$(CONFIGURATION)$(EFFECTIVE_PLATFORM_NAME)\"'");
				GCC_SYMBOLS_PRIVATE_EXTERN = NO;
				HEADER_SEARCH_PATHS = (/usr/local/include,"/Volumes/Crate/taco-monitor/external/serial/include","/Volumes/Crate/taco-monitor/external/smbus","/Volumes/Crate/taco-monitor/include");
				INSTALL_PATH = "";
				OTHER_LDFLAGS = " ";
				OTHER_REZFLAGS = "";
				PRODUCT_NAME = ALL_BUILD;
				SECTORDER_FLAGS = "";
				SYMROOT = "/Volumes/Crate/taco-monitor/build-xcode";
				USE_HEADERMAP = NO;
				WARNING_CFLAGS = ("-Wmost","-Wno-four-char-constants","-Wno-unknown-pragmas","$(inherited)");
			};
			name = RelWithDebInfo;
		};
		0DD124C2A1564950B3C60C38 /* Release */ = {
			isa = XCBuildConfiguration;
			buildSettings = {
				COMBINE_HIDPI_IMAGES = YES;
				GCC_GENERATE_DEBUGGING_SYMBOLS = YES;
				GCC_INLINES_ARE_PRIVATE_EXTERN = NO;
				GCC_OPTIMIZATION_LEVEL = 0;
				GCC_PREPROCESSOR_DEFINITIONS = ("'CMAKE_INTDIR=\"$(CONFIGURATION)$(EFFECTIVE_PLATFORM_NAME)\"'");
				GCC_SYMBOLS_PRIVATE_EXTERN = NO;
				HEADER_SEARCH_PATHS = (/usr/local/include,"/Volumes/Crate/taco-monitor/external/serial/include","/Volumes/Crate/taco-monitor/external/smbus","/Volumes/Crate/taco-monitor/include");
				INSTALL_PATH = "";
				OTHER_LDFLAGS = " ";
				OTHER_REZFLAGS = "";
				PRODUCT_NAME = ZERO_CHECK;
				SECTORDER_FLAGS = "";
				SYMROOT = "/Volumes/Crate/taco-monitor/build-xcode";
				USE_HEADERMAP = NO;
				WARNING_CFLAGS = ("-Wmost","-Wno-four-char-constants","-Wno-unknown-pragmas","$(inherited)");
			};
			name = Release;
		};
		1F191ACD445B4E7FA01C2FA4 /* MinSizeRel */ = {
			isa = XCBuildConfiguration;
			buildSettings = {
				COMBINE_HIDPI_IMAGES = YES;
				EXECUTABLE_PREFIX = "";
				EXECUTABLE_SUFFIX = "";
				GCC_GENERATE_DEBUGGING_SYMBOLS = NO;
				GCC_INLINES_ARE_PRIVATE_EXTERN = NO;
				GCC_OPTIMIZATION_LEVEL = s;
				GCC_PREPROCESSOR_DEFINITIONS = ("'CMAKE_INTDIR=\"$(CONFIGURATION)$(EFFECTIVE_PLATFORM_NAME)\"'");
				GCC_SYMBOLS_PRIVATE_EXTERN = NO;
				HEADER_SEARCH_PATHS = (/usr/local/include,"/Volumes/Crate/taco-monitor/external/serial/include","/Volumes/Crate/taco-monitor/external/smbus","/Volumes/Crate/taco-monitor/include");
				INSTALL_PATH = "";
				LD_RUNPATH_SEARCH_PATHS = /usr/local/lib;
				LIBRARY_SEARCH_PATHS = " /usr/local/lib/$(CONFIGURATION)$(EFFECTIVE_PLATFORM_NAME) /usr/local/lib";
				OTHER_CPLUSPLUSFLAGS = " -L/usr/lib/python3.5/config-3.5m-arm-linux-gnueabihf -L/usr/lib -lpython3.5m -lpthread -ldl  -lutil -lm  -Xlinker -export-dynamic -Wl,-O1 -Wl,-Bsymbolic-functions     -DNDEBUG '-std=gnu++14'  ";
				OTHER_LDFLAGS = " -Wl,-search_paths_first -Wl,-headerpad_max_install_names  -lserial -lwiringPi -lsmbus";
				OTHER_REZFLAGS = "";
				PRODUCT_NAME = taco_mon;
				SECTORDER_FLAGS = "";
				SYMROOT = "/Volumes/Crate/taco-monitor/build-xcode";
				USE_HEADERMAP = NO;
				WARNING_CFLAGS = ("-Wmost","-Wno-four-char-constants","-Wno-unknown-pragmas","$(inherited)");
			};
			name = MinSizeRel;
		};
		2E6AEE5F0A7B4ECE8036763E /* MinSizeRel */ = {
			isa = XCBuildConfiguration;
			buildSettings = {
				COMBINE_HIDPI_IMAGES = YES;
				GCC_GENERATE_DEBUGGING_SYMBOLS = YES;
				GCC_INLINES_ARE_PRIVATE_EXTERN = NO;
				GCC_OPTIMIZATION_LEVEL = 0;
				GCC_PREPROCESSOR_DEFINITIONS = ("'CMAKE_INTDIR=\"$(CONFIGURATION)$(EFFECTIVE_PLATFORM_NAME)\"'");
				GCC_SYMBOLS_PRIVATE_EXTERN = NO;
				HEADER_SEARCH_PATHS = (/usr/local/include,"/Volumes/Crate/taco-monitor/external/serial/include","/Volumes/Crate/taco-monitor/external/smbus","/Volumes/Crate/taco-monitor/include");
				INSTALL_PATH = "";
				OTHER_LDFLAGS = " ";
				OTHER_REZFLAGS = "";
				PRODUCT_NAME = ALL_BUILD;
				SECTORDER_FLAGS = "";
				SYMROOT = "/Volumes/Crate/taco-monitor/build-xcode";
				USE_HEADERMAP = NO;
				WARNING_CFLAGS = ("-Wmost","-Wno-four-char-constants","-Wno-unknown-pragmas","$(inherited)");
			};
			name = MinSizeRel;
		};
		418CE64DED8D413E8F1EC27C /* Debug */ = {
			isa = XCBuildConfiguration;
			buildSettings = {
				COMBINE_HIDPI_IMAGES = YES;
				EXECUTABLE_PREFIX = "";
				EXECUTABLE_SUFFIX = "";
				GCC_GENERATE_DEBUGGING_SYMBOLS = YES;
				GCC_INLINES_ARE_PRIVATE_EXTERN = NO;
				GCC_OPTIMIZATION_LEVEL = 0;
				GCC_PREPROCESSOR_DEFINITIONS = ("'CMAKE_INTDIR=\"$(CONFIGURATION)$(EFFECTIVE_PLATFORM_NAME)\"'");
				GCC_SYMBOLS_PRIVATE_EXTERN = NO;
				HEADER_SEARCH_PATHS = (/usr/local/include,"/Volumes/Crate/taco-monitor/external/serial/include","/Volumes/Crate/taco-monitor/external/smbus","/Volumes/Crate/taco-monitor/include");
				INSTALL_PATH = "";
				LD_RUNPATH_SEARCH_PATHS = /usr/local/lib;
				LIBRARY_SEARCH_PATHS = " /usr/local/lib/$(CONFIGURATION)$(EFFECTIVE_PLATFORM_NAME) /usr/local/lib";
				OTHER_CPLUSPLUSFLAGS = " -L/usr/lib/python3.5/config-3.5m-arm-linux-gnueabihf -L/usr/lib -lpython3.5m -lpthread -ldl  -lutil -lm  -Xlinker -export-dynamic -Wl,-O1 -Wl,-Bsymbolic-functions    '-std=gnu++14'  ";
				OTHER_LDFLAGS = " -Wl,-search_paths_first -Wl,-headerpad_max_install_names  -lserial -lwiringPi -lsmbus";
				OTHER_REZFLAGS = "";
				PRODUCT_NAME = taco_mon;
				SECTORDER_FLAGS = "";
				SYMROOT = "/Volumes/Crate/taco-monitor/build-xcode";
				USE_HEADERMAP = NO;
				WARNING_CFLAGS = ("-Wmost","-Wno-four-char-constants","-Wno-unknown-pragmas","$(inherited)");
			};
			name = Debug;
		};
		4849E75A8F774C828F4D2B64 /* MinSizeRel */ = {
			isa = XCBuildConfiguration;
			buildSettings = {
				ONLY_ACTIVE_ARCH = YES;
				SDKROOT = /Applications/Xcode.app/Contents/Developer/Platforms/MacOSX.platform/Developer/SDKs/MacOSX10.13.sdk;
				SYMROOT = "/Volumes/Crate/taco-monitor/build-xcode/build";
			};
			name = MinSizeRel;
		};
		65B978BCB58E4BF3A760F0DE /* Debug */ = {
			isa = XCBuildConfiguration;
			buildSettings = {
				COMBINE_HIDPI_IMAGES = YES;
				GCC_GENERATE_DEBUGGING_SYMBOLS = YES;
				GCC_INLINES_ARE_PRIVATE_EXTERN = NO;
				GCC_OPTIMIZATION_LEVEL = 0;
				GCC_PREPROCESSOR_DEFINITIONS = ("'CMAKE_INTDIR=\"$(CONFIGURATION)$(EFFECTIVE_PLATFORM_NAME)\"'");
				GCC_SYMBOLS_PRIVATE_EXTERN = NO;
				HEADER_SEARCH_PATHS = (/usr/local/include,"/Volumes/Crate/taco-monitor/external/serial/include","/Volumes/Crate/taco-monitor/external/smbus","/Volumes/Crate/taco-monitor/include");
				INSTALL_PATH = "";
				OTHER_LDFLAGS = " ";
				OTHER_REZFLAGS = "";
				PRODUCT_NAME = ZERO_CHECK;
				SECTORDER_FLAGS = "";
				SYMROOT = "/Volumes/Crate/taco-monitor/build-xcode";
				USE_HEADERMAP = NO;
				WARNING_CFLAGS = ("-Wmost","-Wno-four-char-constants","-Wno-unknown-pragmas","$(inherited)");
			};
			name = Debug;
		};
		7B3E640466F945E6A531D77B /* RelWithDebInfo */ = {
			isa = XCBuildConfiguration;
			buildSettings = {
				COMBINE_HIDPI_IMAGES = YES;
				EXECUTABLE_PREFIX = "";
				EXECUTABLE_SUFFIX = "";
				GCC_GENERATE_DEBUGGING_SYMBOLS = YES;
				GCC_INLINES_ARE_PRIVATE_EXTERN = NO;
				GCC_OPTIMIZATION_LEVEL = 2;
				GCC_PREPROCESSOR_DEFINITIONS = ("'CMAKE_INTDIR=\"$(CONFIGURATION)$(EFFECTIVE_PLATFORM_NAME)\"'");
				GCC_SYMBOLS_PRIVATE_EXTERN = NO;
				HEADER_SEARCH_PATHS = (/usr/local/include,"/Volumes/Crate/taco-monitor/external/serial/include","/Volumes/Crate/taco-monitor/external/smbus","/Volumes/Crate/taco-monitor/include");
				INSTALL_PATH = "";
				LD_RUNPATH_SEARCH_PATHS = /usr/local/lib;
				LIBRARY_SEARCH_PATHS = " /usr/local/lib/$(CONFIGURATION)$(EFFECTIVE_PLATFORM_NAME) /usr/local/lib";
				OTHER_CPLUSPLUSFLAGS = " -L/usr/lib/python3.5/config-3.5m-arm-linux-gnueabihf -L/usr/lib -lpython3.5m -lpthread -ldl  -lutil -lm  -Xlinker -export-dynamic -Wl,-O1 -Wl,-Bsymbolic-functions        -DNDEBUG '-std=gnu++14'  ";
				OTHER_LDFLAGS = " -Wl,-search_paths_first -Wl,-headerpad_max_install_names  -lserial -lwiringPi -lsmbus";
				OTHER_REZFLAGS = "";
				PRODUCT_NAME = taco_mon;
				SECTORDER_FLAGS = "";
				SYMROOT = "/Volumes/Crate/taco-monitor/build-xcode";
				USE_HEADERMAP = NO;
				WARNING_CFLAGS = ("-Wmost","-Wno-four-char-constants","-Wno-unknown-pragmas","$(inherited)");
			};
			name = RelWithDebInfo;
		};
		7BDE0F86CB224C11B9DFD3C8 /* RelWithDebInfo */ = {
			isa = XCBuildConfiguration;
			buildSettings = {
				COMBINE_HIDPI_IMAGES = YES;
				GCC_GENERATE_DEBUGGING_SYMBOLS = YES;
				GCC_INLINES_ARE_PRIVATE_EXTERN = NO;
				GCC_OPTIMIZATION_LEVEL = 0;
				GCC_PREPROCESSOR_DEFINITIONS = ("'CMAKE_INTDIR=\"$(CONFIGURATION)$(EFFECTIVE_PLATFORM_NAME)\"'");
				GCC_SYMBOLS_PRIVATE_EXTERN = NO;
				HEADER_SEARCH_PATHS = (/usr/local/include,"/Volumes/Crate/taco-monitor/external/serial/include","/Volumes/Crate/taco-monitor/external/smbus","/Volumes/Crate/taco-monitor/include");
				INSTALL_PATH = "";
				OTHER_LDFLAGS = " ";
				OTHER_REZFLAGS = "";
				PRODUCT_NAME = ZERO_CHECK;
				SECTORDER_FLAGS = "";
				SYMROOT = "/Volumes/Crate/taco-monitor/build-xcode";
				USE_HEADERMAP = NO;
				WARNING_CFLAGS = ("-Wmost","-Wno-four-char-constants","-Wno-unknown-pragmas","$(inherited)");
			};
			name = RelWithDebInfo;
		};
		8BA8B49DEC83455194983189 /* RelWithDebInfo */ = {
			isa = XCBuildConfiguration;
			buildSettings = {
				ONLY_ACTIVE_ARCH = YES;
				SDKROOT = /Applications/Xcode.app/Contents/Developer/Platforms/MacOSX.platform/Developer/SDKs/MacOSX10.13.sdk;
				SYMROOT = "/Volumes/Crate/taco-monitor/build-xcode/build";
			};
			name = RelWithDebInfo;
		};
		97B925A0F8AB4718A233B115 /* MinSizeRel */ = {
			isa = XCBuildConfiguration;
			buildSettings = {
				COMBINE_HIDPI_IMAGES = YES;
				GCC_GENERATE_DEBUGGING_SYMBOLS = YES;
				GCC_INLINES_ARE_PRIVATE_EXTERN = NO;
				GCC_OPTIMIZATION_LEVEL = 0;
				GCC_PREPROCESSOR_DEFINITIONS = ("'CMAKE_INTDIR=\"$(CONFIGURATION)$(EFFECTIVE_PLATFORM_NAME)\"'");
				GCC_SYMBOLS_PRIVATE_EXTERN = NO;
				HEADER_SEARCH_PATHS = (/usr/local/include,"/Volumes/Crate/taco-monitor/external/serial/include","/Volumes/Crate/taco-monitor/external/smbus","/Volumes/Crate/taco-monitor/include");
				INSTALL_PATH = "";
				OTHER_LDFLAGS = " ";
				OTHER_REZFLAGS = "";
				PRODUCT_NAME = ZERO_CHECK;
				SECTORDER_FLAGS = "";
				SYMROOT = "/Volumes/Crate/taco-monitor/build-xcode";
				USE_HEADERMAP = NO;
				WARNING_CFLAGS = ("-Wmost","-Wno-four-char-constants","-Wno-unknown-pragmas","$(inherited)");
			};
			name = MinSizeRel;
		};
		A58DF1A7AEC14E988C82C77F /* Debug */ = {
			isa = XCBuildConfiguration;
			buildSettings = {
				ONLY_ACTIVE_ARCH = YES;
				SDKROOT = /Applications/Xcode.app/Contents/Developer/Platforms/MacOSX.platform/Developer/SDKs/MacOSX10.13.sdk;
				SYMROOT = "/Volumes/Crate/taco-monitor/build-xcode/build";
			};
			name = Debug;
		};
		DCF4D40418D64AB79CCBB744 /* Release */ = {
			isa = XCBuildConfiguration;
			buildSettings = {
				COMBINE_HIDPI_IMAGES = YES;
				EXECUTABLE_PREFIX = "";
				EXECUTABLE_SUFFIX = "";
				GCC_GENERATE_DEBUGGING_SYMBOLS = NO;
				GCC_INLINES_ARE_PRIVATE_EXTERN = NO;
				GCC_OPTIMIZATION_LEVEL = 3;
				GCC_PREPROCESSOR_DEFINITIONS = ("'CMAKE_INTDIR=\"$(CONFIGURATION)$(EFFECTIVE_PLATFORM_NAME)\"'");
				GCC_SYMBOLS_PRIVATE_EXTERN = NO;
				HEADER_SEARCH_PATHS = (/usr/local/include,"/Volumes/Crate/taco-monitor/external/serial/include","/Volumes/Crate/taco-monitor/external/smbus","/Volumes/Crate/taco-monitor/include");
				INSTALL_PATH = "";
				LD_RUNPATH_SEARCH_PATHS = /usr/local/lib;
				LIBRARY_SEARCH_PATHS = " /usr/local/lib/$(CONFIGURATION)$(EFFECTIVE_PLATFORM_NAME) /usr/local/lib";
				OTHER_CPLUSPLUSFLAGS = " -L/usr/lib/python3.5/config-3.5m-arm-linux-gnueabihf -L/usr/lib -lpython3.5m -lpthread -ldl  -lutil -lm  -Xlinker -export-dynamic -Wl,-O1 -Wl,-Bsymbolic-functions     -DNDEBUG '-std=gnu++14'  ";
				OTHER_LDFLAGS = " -Wl,-search_paths_first -Wl,-headerpad_max_install_names  -lserial -lwiringPi -lsmbus";
				OTHER_REZFLAGS = "";
				PRODUCT_NAME = taco_mon;
				SECTORDER_FLAGS = "";
				SYMROOT = "/Volumes/Crate/taco-monitor/build-xcode";
				USE_HEADERMAP = NO;
				WARNING_CFLAGS = ("-Wmost","-Wno-four-char-constants","-Wno-unknown-pragmas","$(inherited)");
			};
			name = Release;
		};
		DD1587A4DF314538998E6B22 /* Release */ = {
			isa = XCBuildConfiguration;
			buildSettings = {
				COMBINE_HIDPI_IMAGES = YES;
				GCC_GENERATE_DEBUGGING_SYMBOLS = YES;
				GCC_INLINES_ARE_PRIVATE_EXTERN = NO;
				GCC_OPTIMIZATION_LEVEL = 0;
				GCC_PREPROCESSOR_DEFINITIONS = ("'CMAKE_INTDIR=\"$(CONFIGURATION)$(EFFECTIVE_PLATFORM_NAME)\"'");
				GCC_SYMBOLS_PRIVATE_EXTERN = NO;
				HEADER_SEARCH_PATHS = (/usr/local/include,"/Volumes/Crate/taco-monitor/external/serial/include","/Volumes/Crate/taco-monitor/external/smbus","/Volumes/Crate/taco-monitor/include");
				INSTALL_PATH = "";
				OTHER_LDFLAGS = " ";
				OTHER_REZFLAGS = "";
				PRODUCT_NAME = ALL_BUILD;
				SECTORDER_FLAGS = "";
				SYMROOT = "/Volumes/Crate/taco-monitor/build-xcode";
				USE_HEADERMAP = NO;
				WARNING_CFLAGS = ("-Wmost","-Wno-four-char-constants","-Wno-unknown-pragmas","$(inherited)");
			};
			name = Release;
		};
		E5F3D07661D14D4FB29A0876 /* Debug */ = {
			isa = XCBuildConfiguration;
			buildSettings = {
				COMBINE_HIDPI_IMAGES = YES;
				GCC_GENERATE_DEBUGGING_SYMBOLS = YES;
				GCC_INLINES_ARE_PRIVATE_EXTERN = NO;
				GCC_OPTIMIZATION_LEVEL = 0;
				GCC_PREPROCESSOR_DEFINITIONS = ("'CMAKE_INTDIR=\"$(CONFIGURATION)$(EFFECTIVE_PLATFORM_NAME)\"'");
				GCC_SYMBOLS_PRIVATE_EXTERN = NO;
				HEADER_SEARCH_PATHS = (/usr/local/include,"/Volumes/Crate/taco-monitor/external/serial/include","/Volumes/Crate/taco-monitor/external/smbus","/Volumes/Crate/taco-monitor/include");
				INSTALL_PATH = "";
				OTHER_LDFLAGS = " ";
				OTHER_REZFLAGS = "";
				PRODUCT_NAME = ALL_BUILD;
				SECTORDER_FLAGS = "";
				SYMROOT = "/Volumes/Crate/taco-monitor/build-xcode";
				USE_HEADERMAP = NO;
				WARNING_CFLAGS = ("-Wmost","-Wno-four-char-constants","-Wno-unknown-pragmas","$(inherited)");
			};
			name = Debug;
		};
		EDECD1F24C9B420496554B4D /* Release */ = {
			isa = XCBuildConfiguration;
			buildSettings = {
				ONLY_ACTIVE_ARCH = YES;
				SDKROOT = /Applications/Xcode.app/Contents/Developer/Platforms/MacOSX.platform/Developer/SDKs/MacOSX10.13.sdk;
				SYMROOT = "/Volumes/Crate/taco-monitor/build-xcode/build";
			};
			name = Release;
		};
/* End XCBuildConfiguration section */

/* Begin XCConfigurationList section */
		3A8C353669204A47B07B44F0 /* Build configuration list for PBXNativeTarget "taco_mon" */ = {
			isa = XCConfigurationList;
			buildConfigurations = (
				418CE64DED8D413E8F1EC27C /* Debug */,
				DCF4D40418D64AB79CCBB744 /* Release */,
				1F191ACD445B4E7FA01C2FA4 /* MinSizeRel */,
				7B3E640466F945E6A531D77B /* RelWithDebInfo */,
			);
			defaultConfigurationIsVisible = 0;
			defaultConfigurationName = Debug;
		};
		449D994917EC4174B5FCB4F9 /* Build configuration list for PBXAggregateTarget "ALL_BUILD" */ = {
			isa = XCConfigurationList;
			buildConfigurations = (
				E5F3D07661D14D4FB29A0876 /* Debug */,
				DD1587A4DF314538998E6B22 /* Release */,
				2E6AEE5F0A7B4ECE8036763E /* MinSizeRel */,
				0BCB8C35054A4344A98039C9 /* RelWithDebInfo */,
			);
			defaultConfigurationIsVisible = 0;
			defaultConfigurationName = Debug;
		};
		4ABFB555251B400FACF96C75 /* Build configuration list for PBXProject "taco-monitor" */ = {
			isa = XCConfigurationList;
			buildConfigurations = (
				A58DF1A7AEC14E988C82C77F /* Debug */,
				EDECD1F24C9B420496554B4D /* Release */,
				4849E75A8F774C828F4D2B64 /* MinSizeRel */,
				8BA8B49DEC83455194983189 /* RelWithDebInfo */,
			);
			defaultConfigurationIsVisible = 0;
			defaultConfigurationName = Debug;
		};
		B9B8A15FBF5D41BDBE668EEF /* Build configuration list for PBXAggregateTarget "ZERO_CHECK" */ = {
			isa = XCConfigurationList;
			buildConfigurations = (
				65B978BCB58E4BF3A760F0DE /* Debug */,
				0DD124C2A1564950B3C60C38 /* Release */,
				97B925A0F8AB4718A233B115 /* MinSizeRel */,
				7BDE0F86CB224C11B9DFD3C8 /* RelWithDebInfo */,
			);
			defaultConfigurationIsVisible = 0;
			defaultConfigurationName = Debug;
		};
/* End XCConfigurationList section */
	};
	rootObject = C066F20FD1C846CCBFDC091C /* Project object */;
}
