// !$*UTF8*$!
{
	archiveVersion = 1;
	classes = {
	};
	objectVersion = 46;
	objects = {

/* Begin PBXAggregateTarget section */
		0F7A81D3948B4A12AB51A377 /* ZERO_CHECK */ = {
			isa = PBXAggregateTarget;
			buildConfigurationList = 51E3D2B470234FA2BE290372 /* Build configuration list for PBXAggregateTarget "ZERO_CHECK" */;
			buildPhases = (
				4B4B8578147E45798268E384 /* CMake Rules */,
			);
			dependencies = (
			);
			name = ZERO_CHECK;
			productName = ZERO_CHECK;
		};
		1CE3E7BFB82046BC9A18FF58 /* ALL_BUILD */ = {
			isa = PBXAggregateTarget;
			buildConfigurationList = 59EFB5DC8B174AF98F0C672D /* Build configuration list for PBXAggregateTarget "ALL_BUILD" */;
			buildPhases = (
				E19F9AE5B6624A4BBD1C9E85 /* CMake Rules */,
			);
			dependencies = (
				8443530AA4324D9EA863154C /* PBXTargetDependency */,
				B358D1A1406247FE94B1C646 /* PBXTargetDependency */,
			);
			name = ALL_BUILD;
			productName = ALL_BUILD;
		};
/* End PBXAggregateTarget section */

/* Begin PBXBuildFile section */
		087BCADBF5B049B48136F277 /* /Volumes/Crate/taco-monitor/include/TacoMonitor.h */ = {isa = PBXBuildFile; fileRef = 1E23B8B3BB0C40429730E825 /* /Volumes/Crate/taco-monitor/include/TacoMonitor.h */; };
		599F165AFBC74737BD3A494F /* /Volumes/Crate/taco-monitor/src/TacoMonitor.cc */ = {isa = PBXBuildFile; fileRef = ABDEDC5DE2E84D43A63071B2 /* /Volumes/Crate/taco-monitor/src/TacoMonitor.cc */; };
		8C5EF63A5CD949E580C24AEB /* /Volumes/Crate/taco-monitor/src/OBDIIController.cc */ = {isa = PBXBuildFile; fileRef = 8B0C56014B56403A82E5212A /* /Volumes/Crate/taco-monitor/src/OBDIIController.cc */; };
		C949EE99BF214602A5AE8BA8 /* /Volumes/Crate/taco-monitor/CMakeLists.txt */ = {isa = PBXBuildFile; fileRef = 158DBC4B036F47D0960A1DC2 /* /Volumes/Crate/taco-monitor/CMakeLists.txt */; };
		F1D681C6454E49EEABEDF677 /* /Volumes/Crate/taco-monitor/include/OBDIIController.h */ = {isa = PBXBuildFile; fileRef = 614E392DF7264F7F92793D40 /* /Volumes/Crate/taco-monitor/include/OBDIIController.h */; };
		FAE7B71A5FC14CF99517C1BC /* /Volumes/Crate/taco-monitor/src/main.cc */ = {isa = PBXBuildFile; fileRef = 4F600CC9A1E34FA8A39B2FB6 /* /Volumes/Crate/taco-monitor/src/main.cc */; };
/* End PBXBuildFile section */

/* Begin PBXBuildStyle section */
		4E370F8BBCAF403BAA1ECCA6 /* MinSizeRel */ = {
			isa = PBXBuildStyle;
			buildSettings = {
				COPY_PHASE_STRIP = NO;
			};
			name = MinSizeRel;
		};
		67362342A9A546A5A98B053E /* RelWithDebInfo */ = {
			isa = PBXBuildStyle;
			buildSettings = {
				COPY_PHASE_STRIP = NO;
			};
			name = RelWithDebInfo;
		};
		815AD30572DF499090FF706E /* Debug */ = {
			isa = PBXBuildStyle;
			buildSettings = {
				COPY_PHASE_STRIP = NO;
			};
			name = Debug;
		};
		8DCA9F111A4A4118ABAC6620 /* Release */ = {
			isa = PBXBuildStyle;
			buildSettings = {
				COPY_PHASE_STRIP = NO;
			};
			name = Release;
		};
/* End PBXBuildStyle section */

/* Begin PBXContainerItemProxy section */
		3FF11B8F513B48758141BF61 /* PBXContainerItemProxy */ = {
			isa = PBXContainerItemProxy;
			containerPortal = 95D4F3EC06254CABB4FAD9AB /* Project object */;
			proxyType = 1;
			remoteGlobalIDString = 0F7A81D3948B4A12AB51A377;
			remoteInfo = ZERO_CHECK;
		};
		872E528CC57644349CB1AEA1 /* PBXContainerItemProxy */ = {
			isa = PBXContainerItemProxy;
			containerPortal = 95D4F3EC06254CABB4FAD9AB /* Project object */;
			proxyType = 1;
			remoteGlobalIDString = 747DFFD871B7490E967B777E;
			remoteInfo = taco_mon;
		};
		91679EE0CDF7403C82E49ECA /* PBXContainerItemProxy */ = {
			isa = PBXContainerItemProxy;
			containerPortal = 95D4F3EC06254CABB4FAD9AB /* Project object */;
			proxyType = 1;
			remoteGlobalIDString = 0F7A81D3948B4A12AB51A377;
			remoteInfo = ZERO_CHECK;
		};
/* End PBXContainerItemProxy section */

/* Begin PBXFileReference section */
		1503AF87F1F84CF2904FB3B8 /* /Volumes/Crate/taco-monitor/CMakeLists.txt */ = {isa = PBXFileReference; explicitFileType = sourcecode.text; fileEncoding = 4; name = CMakeLists.txt; path = CMakeLists.txt; sourceTree = SOURCE_ROOT; };
		158DBC4B036F47D0960A1DC2 /* /Volumes/Crate/taco-monitor/CMakeLists.txt */ = {isa = PBXFileReference; explicitFileType = sourcecode.text; fileEncoding = 4; name = CMakeLists.txt; path = CMakeLists.txt; sourceTree = SOURCE_ROOT; };
		1E23B8B3BB0C40429730E825 /* /Volumes/Crate/taco-monitor/include/TacoMonitor.h */ = {isa = PBXFileReference; explicitFileType = sourcecode.c.h; fileEncoding = 4; name = TacoMonitor.h; path = include/TacoMonitor.h; sourceTree = SOURCE_ROOT; };
		3594F70B987F47BBA4084D46 /* taco_mon */ = {isa = PBXFileReference; explicitFileType = "compiled.mach-o.executable"; path = taco_mon; sourceTree = BUILT_PRODUCTS_DIR; };
		474905E1EE884F1998C792F0 /* /Volumes/Crate/taco-monitor/CMakeLists.txt */ = {isa = PBXFileReference; explicitFileType = sourcecode.text; fileEncoding = 4; name = CMakeLists.txt; path = CMakeLists.txt; sourceTree = SOURCE_ROOT; };
		4F600CC9A1E34FA8A39B2FB6 /* /Volumes/Crate/taco-monitor/src/main.cc */ = {isa = PBXFileReference; explicitFileType = sourcecode.cpp.cpp; fileEncoding = 4; name = main.cc; path = src/main.cc; sourceTree = SOURCE_ROOT; };
		614E392DF7264F7F92793D40 /* /Volumes/Crate/taco-monitor/include/OBDIIController.h */ = {isa = PBXFileReference; explicitFileType = sourcecode.c.h; fileEncoding = 4; name = OBDIIController.h; path = include/OBDIIController.h; sourceTree = SOURCE_ROOT; };
		8B0C56014B56403A82E5212A /* /Volumes/Crate/taco-monitor/src/OBDIIController.cc */ = {isa = PBXFileReference; explicitFileType = sourcecode.cpp.cpp; fileEncoding = 4; name = OBDIIController.cc; path = src/OBDIIController.cc; sourceTree = SOURCE_ROOT; };
		ABDEDC5DE2E84D43A63071B2 /* /Volumes/Crate/taco-monitor/src/TacoMonitor.cc */ = {isa = PBXFileReference; explicitFileType = sourcecode.cpp.cpp; fileEncoding = 4; name = TacoMonitor.cc; path = src/TacoMonitor.cc; sourceTree = SOURCE_ROOT; };
/* End PBXFileReference section */

/* Begin PBXGroup section */
		1E18A999685C4B24A9B73311 /* ZERO_CHECK */ = {
			isa = PBXGroup;
			children = (
				8D30214DF6FA4A269FBE75C1 /* CMake Rules */,
				1503AF87F1F84CF2904FB3B8 /* /Volumes/Crate/taco-monitor/CMakeLists.txt */,
			);
			name = ZERO_CHECK;
			sourceTree = "<group>";
		};
		2FE888BC330E48DCAD43858D /* ALL_BUILD */ = {
			isa = PBXGroup;
			children = (
				392489EA4A174198B03E6FD0 /* CMake Rules */,
				474905E1EE884F1998C792F0 /* /Volumes/Crate/taco-monitor/CMakeLists.txt */,
			);
			name = ALL_BUILD;
			sourceTree = "<group>";
		};
		392489EA4A174198B03E6FD0 /* CMake Rules */ = {
			isa = PBXGroup;
			children = (
			);
			name = "CMake Rules";
			sourceTree = "<group>";
		};
		72B1EBDDAC704D20A87BB444 = {
			isa = PBXGroup;
			children = (
				88606BCFCCE44FED8C9C191A /* taco_mon */,
				2FE888BC330E48DCAD43858D /* ALL_BUILD */,
				1E18A999685C4B24A9B73311 /* ZERO_CHECK */,
				F3152D474C304B4DA0C5E344 /* Products */,
			);
			sourceTree = "<group>";
		};
		88606BCFCCE44FED8C9C191A /* taco_mon */ = {
			isa = PBXGroup;
			children = (
				BCBC68DDEA694CF79948295F /* Header Files */,
				A72D31531FAF4045933838BB /* Source Files */,
				158DBC4B036F47D0960A1DC2 /* /Volumes/Crate/taco-monitor/CMakeLists.txt */,
			);
			name = taco_mon;
			sourceTree = "<group>";
		};
		8D30214DF6FA4A269FBE75C1 /* CMake Rules */ = {
			isa = PBXGroup;
			children = (
			);
			name = "CMake Rules";
			sourceTree = "<group>";
		};
		A72D31531FAF4045933838BB /* Source Files */ = {
			isa = PBXGroup;
			children = (
				8B0C56014B56403A82E5212A /* /Volumes/Crate/taco-monitor/src/OBDIIController.cc */,
				ABDEDC5DE2E84D43A63071B2 /* /Volumes/Crate/taco-monitor/src/TacoMonitor.cc */,
				4F600CC9A1E34FA8A39B2FB6 /* /Volumes/Crate/taco-monitor/src/main.cc */,
			);
			name = "Source Files";
			sourceTree = "<group>";
		};
		BCBC68DDEA694CF79948295F /* Header Files */ = {
			isa = PBXGroup;
			children = (
				614E392DF7264F7F92793D40 /* /Volumes/Crate/taco-monitor/include/OBDIIController.h */,
				1E23B8B3BB0C40429730E825 /* /Volumes/Crate/taco-monitor/include/TacoMonitor.h */,
			);
			name = "Header Files";
			sourceTree = "<group>";
		};
		F3152D474C304B4DA0C5E344 /* Products */ = {
			isa = PBXGroup;
			children = (
				3594F70B987F47BBA4084D46 /* taco_mon */,
			);
			name = Products;
			sourceTree = "<group>";
		};
/* End PBXGroup section */

/* Begin PBXNativeTarget section */
		747DFFD871B7490E967B777E /* taco_mon */ = {
			isa = PBXNativeTarget;
			buildConfigurationList = 51AD2D4D67764C67A73DE32F /* Build configuration list for PBXNativeTarget "taco_mon" */;
			buildPhases = (
				69ED247589A04835B12C4198 /* Sources */,
			);
			buildRules = (
			);
			dependencies = (
				6EA8E11D67EF496CB776050A /* PBXTargetDependency */,
			);
			name = taco_mon;
			productName = taco_mon;
			productReference = 3594F70B987F47BBA4084D46 /* taco_mon */;
			productType = "com.apple.product-type.tool";
		};
/* End PBXNativeTarget section */

/* Begin PBXProject section */
		95D4F3EC06254CABB4FAD9AB /* Project object */ = {
			isa = PBXProject;
			attributes = {
				BuildIndependentTargetsInParallel = YES;
				LastUpgradeCheck = 0930;
			};
			buildConfigurationList = 8E213C5CFAFB4025A8ABF88D /* Build configuration list for PBXProject "taco-monitor" */;
			buildSettings = {
			};
			buildStyles = (
				815AD30572DF499090FF706E /* Debug */,
				8DCA9F111A4A4118ABAC6620 /* Release */,
				4E370F8BBCAF403BAA1ECCA6 /* MinSizeRel */,
				67362342A9A546A5A98B053E /* RelWithDebInfo */,
			);
			compatibilityVersion = "Xcode 3.2";
			hasScannedForEncodings = 0;
			mainGroup = 72B1EBDDAC704D20A87BB444;
			projectDirPath = ../;
			projectRoot = "";
			targets = (
				1CE3E7BFB82046BC9A18FF58 /* ALL_BUILD */,
				0F7A81D3948B4A12AB51A377 /* ZERO_CHECK */,
				747DFFD871B7490E967B777E /* taco_mon */,
			);
		};
/* End PBXProject section */

/* Begin PBXShellScriptBuildPhase section */
		0BAAA730C78E434EA7886A1F = {
			isa = PBXShellScriptBuildPhase;
			buildActionMask = 2147483647;
			files = (
			);
			inputPaths = (
			);
			outputPaths = (
			);
			runOnlyForDeploymentPostprocessing = 0;
			shellPath = /bin/sh;
			shellScript = "# shell script goes here
exit 0";
			showEnvVarsInLog = 0;
		};
		3942DB54952A49F7AEE733E6 = {
			isa = PBXShellScriptBuildPhase;
			buildActionMask = 2147483647;
			files = (
			);
			inputPaths = (
			);
			outputPaths = (
			);
			runOnlyForDeploymentPostprocessing = 0;
			shellPath = /bin/sh;
			shellScript = "# shell script goes here
exit 0";
			showEnvVarsInLog = 0;
		};
		4B4B8578147E45798268E384 /* CMake Rules */ = {
			isa = PBXShellScriptBuildPhase;
			buildActionMask = 2147483647;
			files = (
			);
			name = "CMake Rules";
			runOnlyForDeploymentPostprocessing = 0;
			shellPath = /bin/sh;
			shellScript = "make -C /Volumes/Crate/taco-monitor/build-xcode -f /Volumes/Crate/taco-monitor/build-xcode/CMakeScripts/ZERO_CHECK_cmakeRulesBuildPhase.make$CONFIGURATION all";
			showEnvVarsInLog = 0;
		};
		E19F9AE5B6624A4BBD1C9E85 /* CMake Rules */ = {
			isa = PBXShellScriptBuildPhase;
			buildActionMask = 2147483647;
			files = (
			);
			name = "CMake Rules";
			runOnlyForDeploymentPostprocessing = 0;
			shellPath = /bin/sh;
			shellScript = "make -C /Volumes/Crate/taco-monitor/build-xcode -f /Volumes/Crate/taco-monitor/build-xcode/CMakeScripts/ALL_BUILD_cmakeRulesBuildPhase.make$CONFIGURATION all";
			showEnvVarsInLog = 0;
		};
/* End PBXShellScriptBuildPhase section */

/* Begin PBXSourcesBuildPhase section */
		69ED247589A04835B12C4198 /* Sources */ = {
			isa = PBXSourcesBuildPhase;
			buildActionMask = 2147483647;
			files = (
				8C5EF63A5CD949E580C24AEB /* /Volumes/Crate/taco-monitor/src/OBDIIController.cc */,
				599F165AFBC74737BD3A494F /* /Volumes/Crate/taco-monitor/src/TacoMonitor.cc */,
				FAE7B71A5FC14CF99517C1BC /* /Volumes/Crate/taco-monitor/src/main.cc */,
			);
			runOnlyForDeploymentPostprocessing = 0;
		};
/* End PBXSourcesBuildPhase section */

/* Begin PBXTargetDependency section */
		6EA8E11D67EF496CB776050A /* PBXTargetDependency */ = {
			isa = PBXTargetDependency;
			target = 0F7A81D3948B4A12AB51A377 /* ZERO_CHECK */;
			targetProxy = 3FF11B8F513B48758141BF61 /* PBXContainerItemProxy */;
		};
		8443530AA4324D9EA863154C /* PBXTargetDependency */ = {
			isa = PBXTargetDependency;
			target = 747DFFD871B7490E967B777E /* taco_mon */;
			targetProxy = 872E528CC57644349CB1AEA1 /* PBXContainerItemProxy */;
		};
		B358D1A1406247FE94B1C646 /* PBXTargetDependency */ = {
			isa = PBXTargetDependency;
			target = 0F7A81D3948B4A12AB51A377 /* ZERO_CHECK */;
			targetProxy = 91679EE0CDF7403C82E49ECA /* PBXContainerItemProxy */;
		};
/* End PBXTargetDependency section */

/* Begin XCBuildConfiguration section */
		02394127B4B84721BAEAAC66 /* Release */ = {
			isa = XCBuildConfiguration;
			buildSettings = {
				COMBINE_HIDPI_IMAGES = YES;
				GCC_GENERATE_DEBUGGING_SYMBOLS = YES;
				GCC_INLINES_ARE_PRIVATE_EXTERN = NO;
				GCC_OPTIMIZATION_LEVEL = 0;
				GCC_PREPROCESSOR_DEFINITIONS = ("'CMAKE_INTDIR=\"$(CONFIGURATION)$(EFFECTIVE_PLATFORM_NAME)\"'");
				GCC_SYMBOLS_PRIVATE_EXTERN = NO;
				HEADER_SEARCH_PATHS = (/usr/local/include,"/Volumes/Crate/taco-monitor/external/serial/include","/Volumes/Crate/taco-monitor/external/smbus","/Volumes/Crate/taco-monitor/include");
				INSTALL_PATH = "";
				OTHER_LDFLAGS = " ";
				OTHER_REZFLAGS = "";
				PRODUCT_NAME = ZERO_CHECK;
				SECTORDER_FLAGS = "";
				SYMROOT = "/Volumes/Crate/taco-monitor/build-xcode";
				USE_HEADERMAP = NO;
				WARNING_CFLAGS = ("-Wmost","-Wno-four-char-constants","-Wno-unknown-pragmas","$(inherited)");
			};
			name = Release;
		};
		09019690B93B4139911D8B97 /* MinSizeRel */ = {
			isa = XCBuildConfiguration;
			buildSettings = {
				COMBINE_HIDPI_IMAGES = YES;
				EXECUTABLE_PREFIX = "";
				EXECUTABLE_SUFFIX = "";
				GCC_GENERATE_DEBUGGING_SYMBOLS = NO;
				GCC_INLINES_ARE_PRIVATE_EXTERN = NO;
				GCC_OPTIMIZATION_LEVEL = s;
				GCC_PREPROCESSOR_DEFINITIONS = ("'CMAKE_INTDIR=\"$(CONFIGURATION)$(EFFECTIVE_PLATFORM_NAME)\"'");
				GCC_SYMBOLS_PRIVATE_EXTERN = NO;
				HEADER_SEARCH_PATHS = (/usr/local/include,"/Volumes/Crate/taco-monitor/external/serial/include","/Volumes/Crate/taco-monitor/external/smbus","/Volumes/Crate/taco-monitor/include");
				INSTALL_PATH = "";
				LD_RUNPATH_SEARCH_PATHS = /usr/local/lib;
				LIBRARY_SEARCH_PATHS = " /usr/local/lib/$(CONFIGURATION)$(EFFECTIVE_PLATFORM_NAME) /usr/local/lib";
				OTHER_CPLUSPLUSFLAGS = " -L/usr/lib/python3.5/config-3.5m-arm-linux-gnueabihf -L/usr/lib -lpython3.5m -lpthread -ldl  -lutil -lm  -Xlinker -export-dynamic -Wl,-O1 -Wl,-Bsymbolic-functions     -DNDEBUG '-std=gnu++14'  ";
				OTHER_LDFLAGS = " -Wl,-search_paths_first -Wl,-headerpad_max_install_names  -lserial -lwiringPi -lsmbus";
				OTHER_REZFLAGS = "";
				PRODUCT_NAME = taco_mon;
				SECTORDER_FLAGS = "";
				SYMROOT = "/Volumes/Crate/taco-monitor/build-xcode";
				USE_HEADERMAP = NO;
				WARNING_CFLAGS = ("-Wmost","-Wno-four-char-constants","-Wno-unknown-pragmas","$(inherited)");
			};
			name = MinSizeRel;
		};
		0D57DB900CD249BC83A8ED64 /* RelWithDebInfo */ = {
			isa = XCBuildConfiguration;
			buildSettings = {
				COMBINE_HIDPI_IMAGES = YES;
				EXECUTABLE_PREFIX = "";
				EXECUTABLE_SUFFIX = "";
				GCC_GENERATE_DEBUGGING_SYMBOLS = YES;
				GCC_INLINES_ARE_PRIVATE_EXTERN = NO;
				GCC_OPTIMIZATION_LEVEL = 2;
				GCC_PREPROCESSOR_DEFINITIONS = ("'CMAKE_INTDIR=\"$(CONFIGURATION)$(EFFECTIVE_PLATFORM_NAME)\"'");
				GCC_SYMBOLS_PRIVATE_EXTERN = NO;
				HEADER_SEARCH_PATHS = (/usr/local/include,"/Volumes/Crate/taco-monitor/external/serial/include","/Volumes/Crate/taco-monitor/external/smbus","/Volumes/Crate/taco-monitor/include");
				INSTALL_PATH = "";
				LD_RUNPATH_SEARCH_PATHS = /usr/local/lib;
				LIBRARY_SEARCH_PATHS = " /usr/local/lib/$(CONFIGURATION)$(EFFECTIVE_PLATFORM_NAME) /usr/local/lib";
				OTHER_CPLUSPLUSFLAGS = " -L/usr/lib/python3.5/config-3.5m-arm-linux-gnueabihf -L/usr/lib -lpython3.5m -lpthread -ldl  -lutil -lm  -Xlinker -export-dynamic -Wl,-O1 -Wl,-Bsymbolic-functions        -DNDEBUG '-std=gnu++14'  ";
				OTHER_LDFLAGS = " -Wl,-search_paths_first -Wl,-headerpad_max_install_names  -lserial -lwiringPi -lsmbus";
				OTHER_REZFLAGS = "";
				PRODUCT_NAME = taco_mon;
				SECTORDER_FLAGS = "";
				SYMROOT = "/Volumes/Crate/taco-monitor/build-xcode";
				USE_HEADERMAP = NO;
				WARNING_CFLAGS = ("-Wmost","-Wno-four-char-constants","-Wno-unknown-pragmas","$(inherited)");
			};
			name = RelWithDebInfo;
		};
		1CB7C20639474705A62E634C /* Debug */ = {
			isa = XCBuildConfiguration;
			buildSettings = {
				COMBINE_HIDPI_IMAGES = YES;
				GCC_GENERATE_DEBUGGING_SYMBOLS = YES;
				GCC_INLINES_ARE_PRIVATE_EXTERN = NO;
				GCC_OPTIMIZATION_LEVEL = 0;
				GCC_PREPROCESSOR_DEFINITIONS = ("'CMAKE_INTDIR=\"$(CONFIGURATION)$(EFFECTIVE_PLATFORM_NAME)\"'");
				GCC_SYMBOLS_PRIVATE_EXTERN = NO;
				HEADER_SEARCH_PATHS = (/usr/local/include,"/Volumes/Crate/taco-monitor/external/serial/include","/Volumes/Crate/taco-monitor/external/smbus","/Volumes/Crate/taco-monitor/include");
				INSTALL_PATH = "";
				OTHER_LDFLAGS = " ";
				OTHER_REZFLAGS = "";
				PRODUCT_NAME = ALL_BUILD;
				SECTORDER_FLAGS = "";
				SYMROOT = "/Volumes/Crate/taco-monitor/build-xcode";
				USE_HEADERMAP = NO;
				WARNING_CFLAGS = ("-Wmost","-Wno-four-char-constants","-Wno-unknown-pragmas","$(inherited)");
			};
			name = Debug;
		};
		2ED3C6D2336847FB8264B773 /* Release */ = {
			isa = XCBuildConfiguration;
			buildSettings = {
				COMBINE_HIDPI_IMAGES = YES;
				EXECUTABLE_PREFIX = "";
				EXECUTABLE_SUFFIX = "";
				GCC_GENERATE_DEBUGGING_SYMBOLS = NO;
				GCC_INLINES_ARE_PRIVATE_EXTERN = NO;
				GCC_OPTIMIZATION_LEVEL = 3;
				GCC_PREPROCESSOR_DEFINITIONS = ("'CMAKE_INTDIR=\"$(CONFIGURATION)$(EFFECTIVE_PLATFORM_NAME)\"'");
				GCC_SYMBOLS_PRIVATE_EXTERN = NO;
				HEADER_SEARCH_PATHS = (/usr/local/include,"/Volumes/Crate/taco-monitor/external/serial/include","/Volumes/Crate/taco-monitor/external/smbus","/Volumes/Crate/taco-monitor/include");
				INSTALL_PATH = "";
				LD_RUNPATH_SEARCH_PATHS = /usr/local/lib;
				LIBRARY_SEARCH_PATHS = " /usr/local/lib/$(CONFIGURATION)$(EFFECTIVE_PLATFORM_NAME) /usr/local/lib";
				OTHER_CPLUSPLUSFLAGS = " -L/usr/lib/python3.5/config-3.5m-arm-linux-gnueabihf -L/usr/lib -lpython3.5m -lpthread -ldl  -lutil -lm  -Xlinker -export-dynamic -Wl,-O1 -Wl,-Bsymbolic-functions     -DNDEBUG '-std=gnu++14'  ";
				OTHER_LDFLAGS = " -Wl,-search_paths_first -Wl,-headerpad_max_install_names  -lserial -lwiringPi -lsmbus";
				OTHER_REZFLAGS = "";
				PRODUCT_NAME = taco_mon;
				SECTORDER_FLAGS = "";
				SYMROOT = "/Volumes/Crate/taco-monitor/build-xcode";
				USE_HEADERMAP = NO;
				WARNING_CFLAGS = ("-Wmost","-Wno-four-char-constants","-Wno-unknown-pragmas","$(inherited)");
			};
			name = Release;
		};
		31A76E20AC5D48FEAD5B3529 /* MinSizeRel */ = {
			isa = XCBuildConfiguration;
			buildSettings = {
				ONLY_ACTIVE_ARCH = YES;
				SDKROOT = /Applications/Xcode.app/Contents/Developer/Platforms/MacOSX.platform/Developer/SDKs/MacOSX10.13.sdk;
				SYMROOT = "/Volumes/Crate/taco-monitor/build-xcode/build";
			};
			name = MinSizeRel;
		};
		5F28C3CFAF5745FD8A49443A /* Debug */ = {
			isa = XCBuildConfiguration;
			buildSettings = {
				COMBINE_HIDPI_IMAGES = YES;
				EXECUTABLE_PREFIX = "";
				EXECUTABLE_SUFFIX = "";
				GCC_GENERATE_DEBUGGING_SYMBOLS = YES;
				GCC_INLINES_ARE_PRIVATE_EXTERN = NO;
				GCC_OPTIMIZATION_LEVEL = 0;
				GCC_PREPROCESSOR_DEFINITIONS = ("'CMAKE_INTDIR=\"$(CONFIGURATION)$(EFFECTIVE_PLATFORM_NAME)\"'");
				GCC_SYMBOLS_PRIVATE_EXTERN = NO;
				HEADER_SEARCH_PATHS = (/usr/local/include,"/Volumes/Crate/taco-monitor/external/serial/include","/Volumes/Crate/taco-monitor/external/smbus","/Volumes/Crate/taco-monitor/include");
				INSTALL_PATH = "";
				LD_RUNPATH_SEARCH_PATHS = /usr/local/lib;
				LIBRARY_SEARCH_PATHS = " /usr/local/lib/$(CONFIGURATION)$(EFFECTIVE_PLATFORM_NAME) /usr/local/lib";
				OTHER_CPLUSPLUSFLAGS = " -L/usr/lib/python3.5/config-3.5m-arm-linux-gnueabihf -L/usr/lib -lpython3.5m -lpthread -ldl  -lutil -lm  -Xlinker -export-dynamic -Wl,-O1 -Wl,-Bsymbolic-functions    '-std=gnu++14'  ";
				OTHER_LDFLAGS = " -Wl,-search_paths_first -Wl,-headerpad_max_install_names  -lserial -lwiringPi -lsmbus";
				OTHER_REZFLAGS = "";
				PRODUCT_NAME = taco_mon;
				SECTORDER_FLAGS = "";
				SYMROOT = "/Volumes/Crate/taco-monitor/build-xcode";
				USE_HEADERMAP = NO;
				WARNING_CFLAGS = ("-Wmost","-Wno-four-char-constants","-Wno-unknown-pragmas","$(inherited)");
			};
			name = Debug;
		};
		62F7A43454C24E68A5086F3A /* Debug */ = {
			isa = XCBuildConfiguration;
			buildSettings = {
				ONLY_ACTIVE_ARCH = YES;
				SDKROOT = /Applications/Xcode.app/Contents/Developer/Platforms/MacOSX.platform/Developer/SDKs/MacOSX10.13.sdk;
				SYMROOT = "/Volumes/Crate/taco-monitor/build-xcode/build";
			};
			name = Debug;
		};
		6D06808B52D741A899C015B7 /* RelWithDebInfo */ = {
			isa = XCBuildConfiguration;
			buildSettings = {
				ONLY_ACTIVE_ARCH = YES;
				SDKROOT = /Applications/Xcode.app/Contents/Developer/Platforms/MacOSX.platform/Developer/SDKs/MacOSX10.13.sdk;
				SYMROOT = "/Volumes/Crate/taco-monitor/build-xcode/build";
			};
			name = RelWithDebInfo;
		};
		84C2F174D85447B082E75F39 /* RelWithDebInfo */ = {
			isa = XCBuildConfiguration;
			buildSettings = {
				COMBINE_HIDPI_IMAGES = YES;
				GCC_GENERATE_DEBUGGING_SYMBOLS = YES;
				GCC_INLINES_ARE_PRIVATE_EXTERN = NO;
				GCC_OPTIMIZATION_LEVEL = 0;
				GCC_PREPROCESSOR_DEFINITIONS = ("'CMAKE_INTDIR=\"$(CONFIGURATION)$(EFFECTIVE_PLATFORM_NAME)\"'");
				GCC_SYMBOLS_PRIVATE_EXTERN = NO;
				HEADER_SEARCH_PATHS = (/usr/local/include,"/Volumes/Crate/taco-monitor/external/serial/include","/Volumes/Crate/taco-monitor/external/smbus","/Volumes/Crate/taco-monitor/include");
				INSTALL_PATH = "";
				OTHER_LDFLAGS = " ";
				OTHER_REZFLAGS = "";
				PRODUCT_NAME = ALL_BUILD;
				SECTORDER_FLAGS = "";
				SYMROOT = "/Volumes/Crate/taco-monitor/build-xcode";
				USE_HEADERMAP = NO;
				WARNING_CFLAGS = ("-Wmost","-Wno-four-char-constants","-Wno-unknown-pragmas","$(inherited)");
			};
			name = RelWithDebInfo;
		};
		86A486D0BD174432BC48DF2F /* MinSizeRel */ = {
			isa = XCBuildConfiguration;
			buildSettings = {
				COMBINE_HIDPI_IMAGES = YES;
				GCC_GENERATE_DEBUGGING_SYMBOLS = YES;
				GCC_INLINES_ARE_PRIVATE_EXTERN = NO;
				GCC_OPTIMIZATION_LEVEL = 0;
				GCC_PREPROCESSOR_DEFINITIONS = ("'CMAKE_INTDIR=\"$(CONFIGURATION)$(EFFECTIVE_PLATFORM_NAME)\"'");
				GCC_SYMBOLS_PRIVATE_EXTERN = NO;
				HEADER_SEARCH_PATHS = (/usr/local/include,"/Volumes/Crate/taco-monitor/external/serial/include","/Volumes/Crate/taco-monitor/external/smbus","/Volumes/Crate/taco-monitor/include");
				INSTALL_PATH = "";
				OTHER_LDFLAGS = " ";
				OTHER_REZFLAGS = "";
				PRODUCT_NAME = ALL_BUILD;
				SECTORDER_FLAGS = "";
				SYMROOT = "/Volumes/Crate/taco-monitor/build-xcode";
				USE_HEADERMAP = NO;
				WARNING_CFLAGS = ("-Wmost","-Wno-four-char-constants","-Wno-unknown-pragmas","$(inherited)");
			};
			name = MinSizeRel;
		};
		86D318D4598E496C854E5D79 /* MinSizeRel */ = {
			isa = XCBuildConfiguration;
			buildSettings = {
				COMBINE_HIDPI_IMAGES = YES;
				GCC_GENERATE_DEBUGGING_SYMBOLS = YES;
				GCC_INLINES_ARE_PRIVATE_EXTERN = NO;
				GCC_OPTIMIZATION_LEVEL = 0;
				GCC_PREPROCESSOR_DEFINITIONS = ("'CMAKE_INTDIR=\"$(CONFIGURATION)$(EFFECTIVE_PLATFORM_NAME)\"'");
				GCC_SYMBOLS_PRIVATE_EXTERN = NO;
				HEADER_SEARCH_PATHS = (/usr/local/include,"/Volumes/Crate/taco-monitor/external/serial/include","/Volumes/Crate/taco-monitor/external/smbus","/Volumes/Crate/taco-monitor/include");
				INSTALL_PATH = "";
				OTHER_LDFLAGS = " ";
				OTHER_REZFLAGS = "";
				PRODUCT_NAME = ZERO_CHECK;
				SECTORDER_FLAGS = "";
				SYMROOT = "/Volumes/Crate/taco-monitor/build-xcode";
				USE_HEADERMAP = NO;
				WARNING_CFLAGS = ("-Wmost","-Wno-four-char-constants","-Wno-unknown-pragmas","$(inherited)");
			};
			name = MinSizeRel;
		};
		B336F469843B42EB80280036 /* RelWithDebInfo */ = {
			isa = XCBuildConfiguration;
			buildSettings = {
				COMBINE_HIDPI_IMAGES = YES;
				GCC_GENERATE_DEBUGGING_SYMBOLS = YES;
				GCC_INLINES_ARE_PRIVATE_EXTERN = NO;
				GCC_OPTIMIZATION_LEVEL = 0;
				GCC_PREPROCESSOR_DEFINITIONS = ("'CMAKE_INTDIR=\"$(CONFIGURATION)$(EFFECTIVE_PLATFORM_NAME)\"'");
				GCC_SYMBOLS_PRIVATE_EXTERN = NO;
				HEADER_SEARCH_PATHS = (/usr/local/include,"/Volumes/Crate/taco-monitor/external/serial/include","/Volumes/Crate/taco-monitor/external/smbus","/Volumes/Crate/taco-monitor/include");
				INSTALL_PATH = "";
				OTHER_LDFLAGS = " ";
				OTHER_REZFLAGS = "";
				PRODUCT_NAME = ZERO_CHECK;
				SECTORDER_FLAGS = "";
				SYMROOT = "/Volumes/Crate/taco-monitor/build-xcode";
				USE_HEADERMAP = NO;
				WARNING_CFLAGS = ("-Wmost","-Wno-four-char-constants","-Wno-unknown-pragmas","$(inherited)");
			};
			name = RelWithDebInfo;
		};
		C528D2D9DF964372A8BCD4C1 /* Debug */ = {
			isa = XCBuildConfiguration;
			buildSettings = {
				COMBINE_HIDPI_IMAGES = YES;
				GCC_GENERATE_DEBUGGING_SYMBOLS = YES;
				GCC_INLINES_ARE_PRIVATE_EXTERN = NO;
				GCC_OPTIMIZATION_LEVEL = 0;
				GCC_PREPROCESSOR_DEFINITIONS = ("'CMAKE_INTDIR=\"$(CONFIGURATION)$(EFFECTIVE_PLATFORM_NAME)\"'");
				GCC_SYMBOLS_PRIVATE_EXTERN = NO;
				HEADER_SEARCH_PATHS = (/usr/local/include,"/Volumes/Crate/taco-monitor/external/serial/include","/Volumes/Crate/taco-monitor/external/smbus","/Volumes/Crate/taco-monitor/include");
				INSTALL_PATH = "";
				OTHER_LDFLAGS = " ";
				OTHER_REZFLAGS = "";
				PRODUCT_NAME = ZERO_CHECK;
				SECTORDER_FLAGS = "";
				SYMROOT = "/Volumes/Crate/taco-monitor/build-xcode";
				USE_HEADERMAP = NO;
				WARNING_CFLAGS = ("-Wmost","-Wno-four-char-constants","-Wno-unknown-pragmas","$(inherited)");
			};
			name = Debug;
		};
		D401CCB86CA541828C8F642A /* Release */ = {
			isa = XCBuildConfiguration;
			buildSettings = {
				ONLY_ACTIVE_ARCH = YES;
				SDKROOT = /Applications/Xcode.app/Contents/Developer/Platforms/MacOSX.platform/Developer/SDKs/MacOSX10.13.sdk;
				SYMROOT = "/Volumes/Crate/taco-monitor/build-xcode/build";
			};
			name = Release;
		};
		FD5F4E2DDB14408EB4C5BECE /* Release */ = {
			isa = XCBuildConfiguration;
			buildSettings = {
				COMBINE_HIDPI_IMAGES = YES;
				GCC_GENERATE_DEBUGGING_SYMBOLS = YES;
				GCC_INLINES_ARE_PRIVATE_EXTERN = NO;
				GCC_OPTIMIZATION_LEVEL = 0;
				GCC_PREPROCESSOR_DEFINITIONS = ("'CMAKE_INTDIR=\"$(CONFIGURATION)$(EFFECTIVE_PLATFORM_NAME)\"'");
				GCC_SYMBOLS_PRIVATE_EXTERN = NO;
				HEADER_SEARCH_PATHS = (/usr/local/include,"/Volumes/Crate/taco-monitor/external/serial/include","/Volumes/Crate/taco-monitor/external/smbus","/Volumes/Crate/taco-monitor/include");
				INSTALL_PATH = "";
				OTHER_LDFLAGS = " ";
				OTHER_REZFLAGS = "";
				PRODUCT_NAME = ALL_BUILD;
				SECTORDER_FLAGS = "";
				SYMROOT = "/Volumes/Crate/taco-monitor/build-xcode";
				USE_HEADERMAP = NO;
				WARNING_CFLAGS = ("-Wmost","-Wno-four-char-constants","-Wno-unknown-pragmas","$(inherited)");
			};
			name = Release;
		};
/* End XCBuildConfiguration section */

/* Begin XCConfigurationList section */
		51AD2D4D67764C67A73DE32F /* Build configuration list for PBXNativeTarget "taco_mon" */ = {
			isa = XCConfigurationList;
			buildConfigurations = (
				5F28C3CFAF5745FD8A49443A /* Debug */,
				2ED3C6D2336847FB8264B773 /* Release */,
				09019690B93B4139911D8B97 /* MinSizeRel */,
				0D57DB900CD249BC83A8ED64 /* RelWithDebInfo */,
			);
			defaultConfigurationIsVisible = 0;
			defaultConfigurationName = Debug;
		};
		51E3D2B470234FA2BE290372 /* Build configuration list for PBXAggregateTarget "ZERO_CHECK" */ = {
			isa = XCConfigurationList;
			buildConfigurations = (
				C528D2D9DF964372A8BCD4C1 /* Debug */,
				02394127B4B84721BAEAAC66 /* Release */,
				86D318D4598E496C854E5D79 /* MinSizeRel */,
				B336F469843B42EB80280036 /* RelWithDebInfo */,
			);
			defaultConfigurationIsVisible = 0;
			defaultConfigurationName = Debug;
		};
		59EFB5DC8B174AF98F0C672D /* Build configuration list for PBXAggregateTarget "ALL_BUILD" */ = {
			isa = XCConfigurationList;
			buildConfigurations = (
				1CB7C20639474705A62E634C /* Debug */,
				FD5F4E2DDB14408EB4C5BECE /* Release */,
				86A486D0BD174432BC48DF2F /* MinSizeRel */,
				84C2F174D85447B082E75F39 /* RelWithDebInfo */,
			);
			defaultConfigurationIsVisible = 0;
			defaultConfigurationName = Debug;
		};
		8E213C5CFAFB4025A8ABF88D /* Build configuration list for PBXProject "taco-monitor" */ = {
			isa = XCConfigurationList;
			buildConfigurations = (
				62F7A43454C24E68A5086F3A /* Debug */,
				D401CCB86CA541828C8F642A /* Release */,
				31A76E20AC5D48FEAD5B3529 /* MinSizeRel */,
				6D06808B52D741A899C015B7 /* RelWithDebInfo */,
			);
			defaultConfigurationIsVisible = 0;
			defaultConfigurationName = Debug;
		};
/* End XCConfigurationList section */
	};
	rootObject = 95D4F3EC06254CABB4FAD9AB /* Project object */;
}
